bitbucket.org/_metalogic_/request v1.0.0 h1:QFlwVZRsAU32ay7vLCs8jsnw4IEqT1EXwF9yhhedju4=
bitbucket.org/_metalogic_/request v1.0.0/go.mod h1:H5JuABaQAPBFWIqwwL7oKGdX5ryvYgrdhoHFUbbCPEw=
github.com/bitly/go-simplejson v0.5.0 h1:6IH+V8/tVMab511d5bn4M7EwGXZf9Hj6i2xSwkNEM+Y=
github.com/bitly/go-simplejson v0.5.0/go.mod h1:cXHtHw4XUPsvGaxgjIAn8PhEWG9NfngEKAMDJEczWVA=
github.com/bmizerany/assert v0.0.0-20120716205630-e17e99893cb6 h1:tqaG4PIbPslIfl+dhNXWUXRTgPI4Dpx7LaDQ6fS9mGM=
github.com/bmizerany/assert v0.0.0-20120716205630-e17e99893cb6/go.mod h1:Ekp36dRnpXw/yCqJaO+ZrUyxD+3VXMFFr56k5XYrpB4=
github.com/kr/pretty v0.0.0-20160325215624-add1dbc86daf h1:FpLJsEsdtsfWNJ+m+MECl0mSzLu9korRoIKSVbYhwFI=
github.com/kr/pretty v0.0.0-20160325215624-add1dbc86daf/go.mod h1:Bvhd+E3laJ0AVkG0c9rmtZcnhV0HQ3+c3YxxqTvc/gA=
github.com/kr/text v0.0.0-20160504234017-7cafcd837844 h1:kpzneEBeC0dMewP3gr/fADv1OlblH9r1goWVwpOt3TU=
github.com/kr/text v0.0.0-20160504234017-7cafcd837844/go.mod h1:sjUstKUATFIcff4qlB53Kml0wQPtJVc/3fWrmuUmcfA=
github.com/mozillazg/request v0.8.0/go.mod h1:weoQ/mVFNbWgRBtivCGF1tUT9lwneFesues+CleXMWc=
golang.org/x/crypto v0.0.0-20190308221718-c2843e01d9a2/go.mod h1:djNgcEr1/C05ACkg1iLfiJU5Ep61QUkGW8qpdssI0+w=
golang.org/x/net v0.0.0-20160531150152-c4c3ea71919d/go.mod h1:mL1N/T3taQHkDXs73rZJwtUhF3w3ftmwwsq0BUmARs4=
golang.org/x/net v0.0.0-20200202094626-16171245cfb2 h1:CCH4IOTTfewWjGOlSp+zGcjutRKlBEZQ6wTn8ozI/nI=
golang.org/x/net v0.0.0-20200202094626-16171245cfb2/go.mod h1:z5CRVTTTmAJ677TzLLGU+0bjPO0LkuOLi4/5GtJWs/s=
golang.org/x/sys v0.0.0-20190215142949-d0b11bdaac8a/go.mod h1:STP8DvDyc/dI5b8T5hshtkjS+E42TnysNCUPdjciGhY=
golang.org/x/text v0.3.0/go.mod h1:NqM8EUOU14njkJ3fqMW+pc6Ldnwhi/IjpwHt7yyuwOQ=
